
Microsoft Visual Studio Solution File, Format Version 12.00
# Visual Studio Version 17
VisualStudioVersion = 17.7.34024.191
MinimumVisualStudioVersion = 10.0.40219.1
Project("{FAE04EC0-301F-11D3-BF4B-00C04F79EFBC}") = "CRUDAPI", "CRUDAPI.csproj", "{06E828DE-D50B-42F7-8EC5-1EC23ABB2F07}"
EndProject
Global
	GlobalSection(SolutionConfigurationPlatforms) = preSolution
		Debug|Any CPU = Debug|Any CPU
		Release|Any CPU = Release|Any CPU
	EndGlobalSection
	GlobalSection(ProjectConfigurationPlatforms) = postSolution
		{06E828DE-D50B-42F7-8EC5-1EC23ABB2F07}.Debug|Any CPU.ActiveCfg = Debug|Any CPU
		{06E828DE-D50B-42F7-8EC5-1EC23ABB2F07}.Debug|Any CPU.Build.0 = Debug|Any CPU
		{06E828DE-D50B-42F7-8EC5-1EC23ABB2F07}.Release|Any CPU.ActiveCfg = Release|Any CPU
		{06E828DE-D50B-42F7-8EC5-1EC23ABB2F07}.Release|Any CPU.Build.0 = Release|Any CPU
	EndGlobalSection
	GlobalSection(SolutionProperties) = preSolution
		HideSolutionNode = FALSE
	EndGlobalSection
	GlobalSection(ExtensibilityGlobals) = postSolution
		SolutionGuid = {3084B31F-4ADB-412B-B33E-A65D97969F42}
	EndGlobalSection
EndGlobal
